# generated by rye
# use `rye lock` or `rye sync` to update this lockfile
#
# last locked with the following flags:
#   pre: false
#   features: []
#   all-features: false
#   with-sources: false
#   generate-hashes: false

-e file:.
attrs==24.2.0
    # via ek-geo
geographiclib==2.0
    # via geopy
geopy==2.4.1
    # via ek-geo
